
Microsoft Visual Studio Solution File, Format Version 12.00
# Visual Studio 2012
Project("{8BC9CEB8-8B4A-11D0-8D11-00A0C91BC942}") = "TestProject3", "TestProject3\TestProject3.vcxproj", "{14C24F30-11A6-45C1-A83E-E7B9ABF56539}"
EndProject
Global
	GlobalSection(SolutionConfigurationPlatforms) = preSolution
		Debug|Win32 = Debug|Win32
		Release|Win32 = Release|Win32
	EndGlobalSection
	GlobalSection(ProjectConfigurationPlatforms) = postSolution
		{14C24F30-11A6-45C1-A83E-E7B9ABF56539}.Debug|Win32.ActiveCfg = Debug|Win32
		{14C24F30-11A6-45C1-A83E-E7B9ABF56539}.Debug|Win32.Build.0 = Debug|Win32
		{14C24F30-11A6-45C1-A83E-E7B9ABF56539}.Release|Win32.ActiveCfg = Release|Win32
		{14C24F30-11A6-45C1-A83E-E7B9ABF56539}.Release|Win32.Build.0 = Release|Win32
	EndGlobalSection
	GlobalSection(SolutionProperties) = preSolution
		HideSolutionNode = FALSE
	EndGlobalSection
EndGlobal
